
Microsoft Visual Studio Solution File, Format Version 12.00
# Visual Studio Version 16
VisualStudioVersion = 16.0.31727.386
MinimumVisualStudioVersion = 10.0.40219.1
Project("{9A19103F-16F7-4668-BE54-9A1E7A4F7556}") = "ChessApplication.Logic", "ChessApplication.Logic\ChessApplication.Logic.csproj", "{D262113F-AF3A-4A73-9B0B-91CAF6229154}"
EndProject
Project("{9A19103F-16F7-4668-BE54-9A1E7A4F7556}") = "ChessApplication.Client", "ChessApplication.Client\ChessApplication.Client.csproj", "{51FC3484-49C4-48C6-9DB0-8605D010B42B}"
EndProject
Project("{9A19103F-16F7-4668-BE54-9A1E7A4F7556}") = "ChessApplication.Tests", "ChessApplication.Tests\ChessApplication.Tests.csproj", "{00E1A85B-D6FE-49AC-91A9-8417D8F498EB}"
EndProject
Project("{FAE04EC0-301F-11D3-BF4B-00C04F79EFBC}") = "ChessApplication.AI", "ChessApplication.AI\ChessApplication.AI.csproj", "{7B20CE9C-D272-44D3-8161-7612ADCF5CC3}"
EndProject
Global
	GlobalSection(SolutionConfigurationPlatforms) = preSolution
		Debug|Any CPU = Debug|Any CPU
		Release|Any CPU = Release|Any CPU
	EndGlobalSection
	GlobalSection(ProjectConfigurationPlatforms) = postSolution
		{D262113F-AF3A-4A73-9B0B-91CAF6229154}.Debug|Any CPU.ActiveCfg = Debug|Any CPU
		{D262113F-AF3A-4A73-9B0B-91CAF6229154}.Debug|Any CPU.Build.0 = Debug|Any CPU
		{D262113F-AF3A-4A73-9B0B-91CAF6229154}.Release|Any CPU.ActiveCfg = Release|Any CPU
		{D262113F-AF3A-4A73-9B0B-91CAF6229154}.Release|Any CPU.Build.0 = Release|Any CPU
		{51FC3484-49C4-48C6-9DB0-8605D010B42B}.Debug|Any CPU.ActiveCfg = Debug|Any CPU
		{51FC3484-49C4-48C6-9DB0-8605D010B42B}.Debug|Any CPU.Build.0 = Debug|Any CPU
		{51FC3484-49C4-48C6-9DB0-8605D010B42B}.Release|Any CPU.ActiveCfg = Release|Any CPU
		{51FC3484-49C4-48C6-9DB0-8605D010B42B}.Release|Any CPU.Build.0 = Release|Any CPU
		{00E1A85B-D6FE-49AC-91A9-8417D8F498EB}.Debug|Any CPU.ActiveCfg = Debug|Any CPU
		{00E1A85B-D6FE-49AC-91A9-8417D8F498EB}.Debug|Any CPU.Build.0 = Debug|Any CPU
		{00E1A85B-D6FE-49AC-91A9-8417D8F498EB}.Release|Any CPU.ActiveCfg = Release|Any CPU
		{00E1A85B-D6FE-49AC-91A9-8417D8F498EB}.Release|Any CPU.Build.0 = Release|Any CPU
		{7B20CE9C-D272-44D3-8161-7612ADCF5CC3}.Debug|Any CPU.ActiveCfg = Debug|Any CPU
		{7B20CE9C-D272-44D3-8161-7612ADCF5CC3}.Debug|Any CPU.Build.0 = Debug|Any CPU
		{7B20CE9C-D272-44D3-8161-7612ADCF5CC3}.Release|Any CPU.ActiveCfg = Release|Any CPU
		{7B20CE9C-D272-44D3-8161-7612ADCF5CC3}.Release|Any CPU.Build.0 = Release|Any CPU
	EndGlobalSection
	GlobalSection(SolutionProperties) = preSolution
		HideSolutionNode = FALSE
	EndGlobalSection
	GlobalSection(ExtensibilityGlobals) = postSolution
		SolutionGuid = {84FFC4F5-A8CD-436F-AB82-93D214D47DD9}
	EndGlobalSection
EndGlobal
